{
  "version": "3",
  "packages": {
    "specifiers": {
      "jsr:@http/response@0.18.0": "jsr:@http/response@0.18.0",
      "jsr:@http/response@^0.18.0": "jsr:@http/response@0.18.0",
      "jsr:@http/route@^0.18.0": "jsr:@http/route@0.18.0",
      "jsr:@std/collections@^1.0.1": "jsr:@std/collections@1.0.1",
      "jsr:@std/dotenv@^0.224.1": "jsr:@std/dotenv@0.224.1"
    },
    "jsr": {
      "@http/response@0.18.0": {
        "integrity": "3d754caac7466b5d09555a9761119feb8bbe610fc210a9939ab88818911778bb"
      },
      "@http/route@0.18.0": {
        "integrity": "d9cf0419a0292c886d0fa05ed2d3d04ac4e37345a5af5a220b3f82bfd80f6047",
        "dependencies": [
          "jsr:@http/response@0.18.0"
        ]
      },
      "@std/collections@1.0.1": {
        "integrity": "219845cdf0e9a41ef9219f9acce145722e938104efbc2edd0dfa00d84e2d4dfe"
      },
      "@std/dotenv@0.224.1": {
        "integrity": "5e254d0cbaf62188da372ab8866f965fa8a3ec96f19232482c8697b319c308b4"
      }
    }
  },
  "remote": {},
  "workspace": {
    "dependencies": [
      "jsr:@http/response@^0.18.0",
      "jsr:@http/route@^0.18.0",
      "jsr:@std/collections@^1.0.1",
      "jsr:@std/dotenv@^0.224.1"
    ]
  }
}
